hash: 28f028d78f3a3ef3ace880226c6e8a4861f25b03306785ebe20057f7a0fa5626
updated: 2016-08-10T17:29:20.047842064+01:00
imports:
- name: golang.org/x/sys
  version: a646d33e2ee3172a661fc09bca23bb4889a41bc8
  subpackages:
  - unix
- name: gopkg.in/fsnotify.v1
  version: a8a77c9133d2d6fd8334f3260d06f60e8d80a5fb
testImports: []
