hash: 34237320d9ade755eb19dcc43bd6219d27fbb2c630e7bbf257e63b6d1e59c515
updated: 2016-11-02T17:37:13.251138791Z
imports:
- name: golang.org/x/sys
  version: 9c60d1c508f5134d1ca726b4641db998f2523357
  subpackages:
  - unix
- name: gopkg.in/fsnotify.v1
  version: 629574ca2a5df945712d3079857300b5e4da0236
testImports: []
