# This file is autogenerated, do not edit; changes may be undone by the next 'dep ensure'.


[[projects]]
  name = "golang.org/x/sys"
  packages = ["unix"]
  revision = "9c60d1c508f5134d1ca726b4641db998f2523357"

[[projects]]
  name = "gopkg.in/fsnotify.v1"
  packages = ["."]
  revision = "c2828203cd70a50dcccfb2761f8b1f8ceef9a8e9"
  source = "git@github.com:fsnotify/fsnotify"
  version = "v1.4.7"

[solve-meta]
  analyzer-name = "dep"
  analyzer-version = 1
  inputs-digest = "9b542428be07a91317030bab42399c68a6ab5c73a4667fb52a3917b23ca1cb2c"
  solver-name = "gps-cdcl"
  solver-version = 1
